{
  "name": "basic-cli-module",
  "version": "1.0.3",
  "lockfileVersion": 2,
  "requires": true,
  "packages": {
    "": {
      "name": "basic-cli-module",
      "version": "1.0.3",
      "license": "ISC",
      "dependencies": {
        "check-disk-space": "^3.0.1"
      }
    },
    "node_modules/check-disk-space": {
      "version": "3.0.1",
      "resolved": "https://registry.npmjs.org/check-disk-space/-/check-disk-space-3.0.1.tgz",
      "integrity": "sha512-wRG5ZihEZUXAKVCio5YkLgrHsHDrD+GjRBjxJvoJvN9wrze7EdvYGnOYJSsCyZ4b40jBa3lDmWDmESY9QDQGcg==",
      "engines": {
        "node": ">=12"
      }
    }
  },
  "dependencies": {
    "check-disk-space": {
      "version": "3.0.1",
      "resolved": "https://registry.npmjs.org/check-disk-space/-/check-disk-space-3.0.1.tgz",
      "integrity": "sha512-wRG5ZihEZUXAKVCio5YkLgrHsHDrD+GjRBjxJvoJvN9wrze7EdvYGnOYJSsCyZ4b40jBa3lDmWDmESY9QDQGcg=="
    }
  }
}
